
Microsoft Visual Studio Solution File, Format Version 12.00
# Visual Studio Version 16
VisualStudioVersion = 16.0.31205.134
MinimumVisualStudioVersion = 10.0.40219.1
Project("{FAE04EC0-301F-11D3-BF4B-00C04F79EFBC}") = "SmartCafe.EventHub.CaptureReceiver", "SmartCafe.EventHub.CaptureReceiver\SmartCafe.EventHub.CaptureReceiver.csproj", "{89924BB6-2830-4B65-94CC-E1E31758E0E8}"
EndProject
Project("{9A19103F-16F7-4668-BE54-9A1E7A4F7556}") = "SmartCafe.EventHub.Model", "..\SmartCafe.EventHub.Receivers\SmartCafe.EventHub.Model\SmartCafe.EventHub.Model.csproj", "{C61D7DC1-D86B-4B1E-BD56-03C27E6719B4}"
EndProject
Global
	GlobalSection(SolutionConfigurationPlatforms) = preSolution
		Debug|Any CPU = Debug|Any CPU
		Release|Any CPU = Release|Any CPU
	EndGlobalSection
	GlobalSection(ProjectConfigurationPlatforms) = postSolution
		{89924BB6-2830-4B65-94CC-E1E31758E0E8}.Debug|Any CPU.ActiveCfg = Debug|Any CPU
		{89924BB6-2830-4B65-94CC-E1E31758E0E8}.Debug|Any CPU.Build.0 = Debug|Any CPU
		{89924BB6-2830-4B65-94CC-E1E31758E0E8}.Release|Any CPU.ActiveCfg = Release|Any CPU
		{89924BB6-2830-4B65-94CC-E1E31758E0E8}.Release|Any CPU.Build.0 = Release|Any CPU
		{C61D7DC1-D86B-4B1E-BD56-03C27E6719B4}.Debug|Any CPU.ActiveCfg = Debug|Any CPU
		{C61D7DC1-D86B-4B1E-BD56-03C27E6719B4}.Debug|Any CPU.Build.0 = Debug|Any CPU
		{C61D7DC1-D86B-4B1E-BD56-03C27E6719B4}.Release|Any CPU.ActiveCfg = Release|Any CPU
		{C61D7DC1-D86B-4B1E-BD56-03C27E6719B4}.Release|Any CPU.Build.0 = Release|Any CPU
	EndGlobalSection
	GlobalSection(SolutionProperties) = preSolution
		HideSolutionNode = FALSE
	EndGlobalSection
	GlobalSection(ExtensibilityGlobals) = postSolution
		SolutionGuid = {1D092D67-085C-41E0-B7A9-E42AE51BC94D}
	EndGlobalSection
EndGlobal
